
Microsoft Visual Studio Solution File, Format Version 12.00
# Visual Studio Version 16
VisualStudioVersion = 16.0.32126.315
MinimumVisualStudioVersion = 10.0.40219.1
Project("{9A19103F-16F7-4668-BE54-9A1E7A4F7556}") = "DataAccess", "DataAccess\DataAccess.csproj", "{6499120A-0002-4CFB-BD64-78A3EAD71940}"
EndProject
Project("{9A19103F-16F7-4668-BE54-9A1E7A4F7556}") = "Business", "Business\Business.csproj", "{D061B274-694D-44F0-9F07-8D0C182E918A}"
EndProject
Project("{9A19103F-16F7-4668-BE54-9A1E7A4F7556}") = "Entities", "Entities\Entities.csproj", "{9718E861-8BFF-4131-AAC0-25B0E2CAFB8B}"
EndProject
Project("{9A19103F-16F7-4668-BE54-9A1E7A4F7556}") = "ConsoleUI", "ConsoleUI\ConsoleUI.csproj", "{033D8F69-681D-4042-BD72-C2F8FA403FCB}"
EndProject
Project("{FAE04EC0-301F-11D3-BF4B-00C04F79EFBC}") = "Core", "Core\Core.csproj", "{0FD1D193-4F32-45E4-921A-84AAA31C10DA}"
EndProject
Global
	GlobalSection(SolutionConfigurationPlatforms) = preSolution
		Debug|Any CPU = Debug|Any CPU
		Release|Any CPU = Release|Any CPU
	EndGlobalSection
	GlobalSection(ProjectConfigurationPlatforms) = postSolution
		{6499120A-0002-4CFB-BD64-78A3EAD71940}.Debug|Any CPU.ActiveCfg = Debug|Any CPU
		{6499120A-0002-4CFB-BD64-78A3EAD71940}.Debug|Any CPU.Build.0 = Debug|Any CPU
		{6499120A-0002-4CFB-BD64-78A3EAD71940}.Release|Any CPU.ActiveCfg = Release|Any CPU
		{6499120A-0002-4CFB-BD64-78A3EAD71940}.Release|Any CPU.Build.0 = Release|Any CPU
		{D061B274-694D-44F0-9F07-8D0C182E918A}.Debug|Any CPU.ActiveCfg = Debug|Any CPU
		{D061B274-694D-44F0-9F07-8D0C182E918A}.Debug|Any CPU.Build.0 = Debug|Any CPU
		{D061B274-694D-44F0-9F07-8D0C182E918A}.Release|Any CPU.ActiveCfg = Release|Any CPU
		{D061B274-694D-44F0-9F07-8D0C182E918A}.Release|Any CPU.Build.0 = Release|Any CPU
		{9718E861-8BFF-4131-AAC0-25B0E2CAFB8B}.Debug|Any CPU.ActiveCfg = Debug|Any CPU
		{9718E861-8BFF-4131-AAC0-25B0E2CAFB8B}.Debug|Any CPU.Build.0 = Debug|Any CPU
		{9718E861-8BFF-4131-AAC0-25B0E2CAFB8B}.Release|Any CPU.ActiveCfg = Release|Any CPU
		{9718E861-8BFF-4131-AAC0-25B0E2CAFB8B}.Release|Any CPU.Build.0 = Release|Any CPU
		{033D8F69-681D-4042-BD72-C2F8FA403FCB}.Debug|Any CPU.ActiveCfg = Debug|Any CPU
		{033D8F69-681D-4042-BD72-C2F8FA403FCB}.Debug|Any CPU.Build.0 = Debug|Any CPU
		{033D8F69-681D-4042-BD72-C2F8FA403FCB}.Release|Any CPU.ActiveCfg = Release|Any CPU
		{033D8F69-681D-4042-BD72-C2F8FA403FCB}.Release|Any CPU.Build.0 = Release|Any CPU
		{0FD1D193-4F32-45E4-921A-84AAA31C10DA}.Debug|Any CPU.ActiveCfg = Debug|Any CPU
		{0FD1D193-4F32-45E4-921A-84AAA31C10DA}.Debug|Any CPU.Build.0 = Debug|Any CPU
		{0FD1D193-4F32-45E4-921A-84AAA31C10DA}.Release|Any CPU.ActiveCfg = Release|Any CPU
		{0FD1D193-4F32-45E4-921A-84AAA31C10DA}.Release|Any CPU.Build.0 = Release|Any CPU
	EndGlobalSection
	GlobalSection(SolutionProperties) = preSolution
		HideSolutionNode = FALSE
	EndGlobalSection
	GlobalSection(ExtensibilityGlobals) = postSolution
		SolutionGuid = {30D026ED-DD09-4F0E-A26D-25C31B4D18CD}
	EndGlobalSection
EndGlobal
